
Microsoft Visual Studio Solution File, Format Version 12.00
# Visual Studio Version 17
VisualStudioVersion = 17.5.33530.505
MinimumVisualStudioVersion = 10.0.40219.1
Project("{FAE04EC0-301F-11D3-BF4B-00C04F79EFBC}") = "04_colecciones", "04_colecciones\04_colecciones.csproj", "{E1E7FFF3-3BB9-45DB-9C0D-1EF2E1988B76}"
EndProject
Global
	GlobalSection(SolutionConfigurationPlatforms) = preSolution
		Debug|Any CPU = Debug|Any CPU
		Release|Any CPU = Release|Any CPU
	EndGlobalSection
	GlobalSection(ProjectConfigurationPlatforms) = postSolution
		{E1E7FFF3-3BB9-45DB-9C0D-1EF2E1988B76}.Debug|Any CPU.ActiveCfg = Debug|Any CPU
		{E1E7FFF3-3BB9-45DB-9C0D-1EF2E1988B76}.Debug|Any CPU.Build.0 = Debug|Any CPU
		{E1E7FFF3-3BB9-45DB-9C0D-1EF2E1988B76}.Release|Any CPU.ActiveCfg = Release|Any CPU
		{E1E7FFF3-3BB9-45DB-9C0D-1EF2E1988B76}.Release|Any CPU.Build.0 = Release|Any CPU
	EndGlobalSection
	GlobalSection(SolutionProperties) = preSolution
		HideSolutionNode = FALSE
	EndGlobalSection
	GlobalSection(ExtensibilityGlobals) = postSolution
		SolutionGuid = {D9AD41CF-2EC5-465D-B6BA-96B04142640C}
	EndGlobalSection
EndGlobal
