
Microsoft Visual Studio Solution File, Format Version 12.00
# Visual Studio Version 17
VisualStudioVersion = 17.5.33530.505
MinimumVisualStudioVersion = 10.0.40219.1
Project("{FAE04EC0-301F-11D3-BF4B-00C04F79EFBC}") = "06_propias_collectionbase", "06_propias_collectionbase\06_propias_collectionbase.csproj", "{1C03D2E6-3EB1-4F7E-8B5C-878DFB821D66}"
EndProject
Global
	GlobalSection(SolutionConfigurationPlatforms) = preSolution
		Debug|Any CPU = Debug|Any CPU
		Release|Any CPU = Release|Any CPU
	EndGlobalSection
	GlobalSection(ProjectConfigurationPlatforms) = postSolution
		{1C03D2E6-3EB1-4F7E-8B5C-878DFB821D66}.Debug|Any CPU.ActiveCfg = Debug|Any CPU
		{1C03D2E6-3EB1-4F7E-8B5C-878DFB821D66}.Debug|Any CPU.Build.0 = Debug|Any CPU
		{1C03D2E6-3EB1-4F7E-8B5C-878DFB821D66}.Release|Any CPU.ActiveCfg = Release|Any CPU
		{1C03D2E6-3EB1-4F7E-8B5C-878DFB821D66}.Release|Any CPU.Build.0 = Release|Any CPU
	EndGlobalSection
	GlobalSection(SolutionProperties) = preSolution
		HideSolutionNode = FALSE
	EndGlobalSection
	GlobalSection(ExtensibilityGlobals) = postSolution
		SolutionGuid = {44C7C343-0749-48C5-AEF9-20F0F5EEF0E1}
	EndGlobalSection
EndGlobal
