
Microsoft Visual Studio Solution File, Format Version 12.00
# Visual Studio Version 16
VisualStudioVersion = 16.0.33328.57
MinimumVisualStudioVersion = 10.0.40219.1
Project("{FAE04EC0-301F-11D3-BF4B-00C04F79EFBC}") = "ConsoleAppVS2019", "ConsoleAppVS2019\ConsoleAppVS2019.csproj", "{20E08CBA-C7FB-4393-AB4C-484341EB4559}"
EndProject
Global
	GlobalSection(SolutionConfigurationPlatforms) = preSolution
		Debug|Any CPU = Debug|Any CPU
		Release|Any CPU = Release|Any CPU
	EndGlobalSection
	GlobalSection(ProjectConfigurationPlatforms) = postSolution
		{20E08CBA-C7FB-4393-AB4C-484341EB4559}.Debug|Any CPU.ActiveCfg = Debug|Any CPU
		{20E08CBA-C7FB-4393-AB4C-484341EB4559}.Debug|Any CPU.Build.0 = Debug|Any CPU
		{20E08CBA-C7FB-4393-AB4C-484341EB4559}.Release|Any CPU.ActiveCfg = Release|Any CPU
		{20E08CBA-C7FB-4393-AB4C-484341EB4559}.Release|Any CPU.Build.0 = Release|Any CPU
	EndGlobalSection
	GlobalSection(SolutionProperties) = preSolution
		HideSolutionNode = FALSE
	EndGlobalSection
	GlobalSection(ExtensibilityGlobals) = postSolution
		SolutionGuid = {C49851CF-6B54-4390-B0EA-F6CA15C23DAA}
	EndGlobalSection
EndGlobal
