
Microsoft Visual Studio Solution File, Format Version 12.00
# Visual Studio Version 17
VisualStudioVersion = 17.6.33723.286
MinimumVisualStudioVersion = 10.0.40219.1
Project("{FAE04EC0-301F-11D3-BF4B-00C04F79EFBC}") = "usando_miembros_cuerpo_expresion", "usando_miembros_cuerpo_expresion.csproj", "{0AE6295E-1772-4266-BE2B-7B8902B23C25}"
EndProject
Global
	GlobalSection(SolutionConfigurationPlatforms) = preSolution
		Debug|Any CPU = Debug|Any CPU
		Release|Any CPU = Release|Any CPU
	EndGlobalSection
	GlobalSection(ProjectConfigurationPlatforms) = postSolution
		{0AE6295E-1772-4266-BE2B-7B8902B23C25}.Debug|Any CPU.ActiveCfg = Debug|Any CPU
		{0AE6295E-1772-4266-BE2B-7B8902B23C25}.Debug|Any CPU.Build.0 = Debug|Any CPU
		{0AE6295E-1772-4266-BE2B-7B8902B23C25}.Release|Any CPU.ActiveCfg = Release|Any CPU
		{0AE6295E-1772-4266-BE2B-7B8902B23C25}.Release|Any CPU.Build.0 = Release|Any CPU
	EndGlobalSection
	GlobalSection(SolutionProperties) = preSolution
		HideSolutionNode = FALSE
	EndGlobalSection
	GlobalSection(ExtensibilityGlobals) = postSolution
		SolutionGuid = {A7A165E4-250E-4AE9-ACA0-E935EA1A8746}
	EndGlobalSection
EndGlobal
